
Microsoft Visual Studio Solution File, Format Version 12.00
# Visual Studio Version 17
VisualStudioVersion = 17.10.35027.167
MinimumVisualStudioVersion = 10.0.40219.1
Project("{FAE04EC0-301F-11D3-BF4B-00C04F79EFBC}") = "ConsoleMongoDB", "ConsoleMongoDB.csproj", "{BDEC2E8D-0E69-4F96-AF3D-342CA545A54D}"
EndProject
Global
	GlobalSection(SolutionConfigurationPlatforms) = preSolution
		Debug|Any CPU = Debug|Any CPU
		Release|Any CPU = Release|Any CPU
	EndGlobalSection
	GlobalSection(ProjectConfigurationPlatforms) = postSolution
		{BDEC2E8D-0E69-4F96-AF3D-342CA545A54D}.Debug|Any CPU.ActiveCfg = Debug|Any CPU
		{BDEC2E8D-0E69-4F96-AF3D-342CA545A54D}.Debug|Any CPU.Build.0 = Debug|Any CPU
		{BDEC2E8D-0E69-4F96-AF3D-342CA545A54D}.Release|Any CPU.ActiveCfg = Release|Any CPU
		{BDEC2E8D-0E69-4F96-AF3D-342CA545A54D}.Release|Any CPU.Build.0 = Release|Any CPU
	EndGlobalSection
	GlobalSection(SolutionProperties) = preSolution
		HideSolutionNode = FALSE
	EndGlobalSection
	GlobalSection(ExtensibilityGlobals) = postSolution
		SolutionGuid = {10E22395-9E53-4E12-87DB-68346AACA383}
	EndGlobalSection
EndGlobal
